// !$*UTF8*$!
{
	archiveVersion = 1;
	classes = {
	};
	objectVersion = 45;
	objects = {

/* Begin PBXBuildFile section */
		8DD76F650486A84900D96B5E /* main.cpp in Sources */ = {isa = PBXBuildFile; fileRef = 08FB7796FE84155DC02AAC07 /* main.cpp */; settings = {ATTRIBUTES = (); }; };
		8DD76F6A0486A84900D96B5E /* shbj.1 in CopyFiles */ = {isa = PBXBuildFile; fileRef = C6859E8B029090EE04C91782 /* shbj.1 */; };
		C36A77DF123B498900775656 /* card.cpp in Sources */ = {isa = PBXBuildFile; fileRef = C36A77DE123B498900775656 /* card.cpp */; };
		C36A77E4123B53C000775656 /* deck.cpp in Sources */ = {isa = PBXBuildFile; fileRef = C36A77E3123B53C000775656 /* deck.cpp */; };
		C36A77E9123B5DF800775656 /* player.cpp in Sources */ = {isa = PBXBuildFile; fileRef = C36A77E8123B5DF800775656 /* player.cpp */; };
		C36A77F0123BE09B00775656 /* game.cpp in Sources */ = {isa = PBXBuildFile; fileRef = C36A77EF123BE09B00775656 /* game.cpp */; };
/* End PBXBuildFile section */

/* Begin PBXCopyFilesBuildPhase section */
		8DD76F690486A84900D96B5E /* CopyFiles */ = {
			isa = PBXCopyFilesBuildPhase;
			buildActionMask = 8;
			dstPath = /usr/share/man/man1/;
			dstSubfolderSpec = 0;
			files = (
				8DD76F6A0486A84900D96B5E /* shbj.1 in CopyFiles */,
			);
			runOnlyForDeploymentPostprocessing = 1;
		};
/* End PBXCopyFilesBuildPhase section */

/* Begin PBXFileReference section */
		08FB7796FE84155DC02AAC07 /* main.cpp */ = {isa = PBXFileReference; fileEncoding = 4; lastKnownFileType = sourcecode.cpp.cpp; path = main.cpp; sourceTree = "<group>"; };
		63EC9F2E123C3AE300FCB7C0 /* errno.h */ = {isa = PBXFileReference; fileEncoding = 4; lastKnownFileType = sourcecode.c.h; path = errno.h; sourceTree = "<group>"; };
		8DD76F6C0486A84900D96B5E /* shbj */ = {isa = PBXFileReference; explicitFileType = "compiled.mach-o.executable"; includeInIndex = 0; path = shbj; sourceTree = BUILT_PRODUCTS_DIR; };
		C36A77DD123B498900775656 /* card.h */ = {isa = PBXFileReference; fileEncoding = 4; lastKnownFileType = sourcecode.c.h; path = card.h; sourceTree = "<group>"; };
		C36A77DE123B498900775656 /* card.cpp */ = {isa = PBXFileReference; fileEncoding = 4; lastKnownFileType = sourcecode.cpp.cpp; path = card.cpp; sourceTree = "<group>"; };
		C36A77E2123B53C000775656 /* deck.h */ = {isa = PBXFileReference; fileEncoding = 4; lastKnownFileType = sourcecode.c.h; path = deck.h; sourceTree = "<group>"; };
		C36A77E3123B53C000775656 /* deck.cpp */ = {isa = PBXFileReference; fileEncoding = 4; lastKnownFileType = sourcecode.cpp.cpp; path = deck.cpp; sourceTree = "<group>"; };
		C36A77E7123B5DF800775656 /* player.h */ = {isa = PBXFileReference; fileEncoding = 4; lastKnownFileType = sourcecode.c.h; path = player.h; sourceTree = "<group>"; };
		C36A77E8123B5DF800775656 /* player.cpp */ = {isa = PBXFileReference; fileEncoding = 4; lastKnownFileType = sourcecode.cpp.cpp; path = player.cpp; sourceTree = "<group>"; };
		C36A77EE123BE09B00775656 /* game.h */ = {isa = PBXFileReference; fileEncoding = 4; lastKnownFileType = sourcecode.c.h; path = game.h; sourceTree = "<group>"; };
		C36A77EF123BE09B00775656 /* game.cpp */ = {isa = PBXFileReference; fileEncoding = 4; lastKnownFileType = sourcecode.cpp.cpp; path = game.cpp; sourceTree = "<group>"; };
		C3B41980123F43E500C24A2F /* README */ = {isa = PBXFileReference; fileEncoding = 4; lastKnownFileType = text; path = README; sourceTree = "<group>"; };
		C6859E8B029090EE04C91782 /* shbj.1 */ = {isa = PBXFileReference; lastKnownFileType = text.man; path = shbj.1; sourceTree = "<group>"; };
/* End PBXFileReference section */

/* Begin PBXFrameworksBuildPhase section */
		8DD76F660486A84900D96B5E /* Frameworks */ = {
			isa = PBXFrameworksBuildPhase;
			buildActionMask = 2147483647;
			files = (
			);
			runOnlyForDeploymentPostprocessing = 0;
		};
/* End PBXFrameworksBuildPhase section */

/* Begin PBXGroup section */
		08FB7794FE84155DC02AAC07 /* shbj */ = {
			isa = PBXGroup;
			children = (
				08FB7795FE84155DC02AAC07 /* Source */,
				C6859E8C029090F304C91782 /* Documentation */,
				1AB674ADFE9D54B511CA2CBB /* Products */,
			);
			name = shbj;
			sourceTree = "<group>";
		};
		08FB7795FE84155DC02AAC07 /* Source */ = {
			isa = PBXGroup;
			children = (
				63EC9F2E123C3AE300FCB7C0 /* errno.h */,
				C36A77E7123B5DF800775656 /* player.h */,
				C36A77E8123B5DF800775656 /* player.cpp */,
				C36A77E2123B53C000775656 /* deck.h */,
				C36A77E3123B53C000775656 /* deck.cpp */,
				C36A77DD123B498900775656 /* card.h */,
				C36A77DE123B498900775656 /* card.cpp */,
				C36A77EE123BE09B00775656 /* game.h */,
				C36A77EF123BE09B00775656 /* game.cpp */,
				08FB7796FE84155DC02AAC07 /* main.cpp */,
			);
			name = Source;
			sourceTree = "<group>";
		};
		1AB674ADFE9D54B511CA2CBB /* Products */ = {
			isa = PBXGroup;
			children = (
				8DD76F6C0486A84900D96B5E /* shbj */,
			);
			name = Products;
			sourceTree = "<group>";
		};
		C6859E8C029090F304C91782 /* Documentation */ = {
			isa = PBXGroup;
			children = (
				C6859E8B029090EE04C91782 /* shbj.1 */,
				C3B41980123F43E500C24A2F /* README */,
			);
			name = Documentation;
			sourceTree = "<group>";
		};
/* End PBXGroup section */

/* Begin PBXNativeTarget section */
		8DD76F620486A84900D96B5E /* shbj */ = {
			isa = PBXNativeTarget;
			buildConfigurationList = 1DEB923108733DC60010E9CD /* Build configuration list for PBXNativeTarget "shbj" */;
			buildPhases = (
				8DD76F640486A84900D96B5E /* Sources */,
				8DD76F660486A84900D96B5E /* Frameworks */,
				8DD76F690486A84900D96B5E /* CopyFiles */,
			);
			buildRules = (
			);
			dependencies = (
			);
			name = shbj;
			productInstallPath = "$(HOME)/bin";
			productName = shbj;
			productReference = 8DD76F6C0486A84900D96B5E /* shbj */;
			productType = "com.apple.product-type.tool";
		};
/* End PBXNativeTarget section */

/* Begin PBXProject section */
		08FB7793FE84155DC02AAC07 /* Project object */ = {
			isa = PBXProject;
			buildConfigurationList = 1DEB923508733DC60010E9CD /* Build configuration list for PBXProject "shbj" */;
			compatibilityVersion = "Xcode 3.1";
			hasScannedForEncodings = 1;
			mainGroup = 08FB7794FE84155DC02AAC07 /* shbj */;
			projectDirPath = "";
			projectRoot = "";
			targets = (
				8DD76F620486A84900D96B5E /* shbj */,
			);
		};
/* End PBXProject section */

/* Begin PBXSourcesBuildPhase section */
		8DD76F640486A84900D96B5E /* Sources */ = {
			isa = PBXSourcesBuildPhase;
			buildActionMask = 2147483647;
			files = (
				8DD76F650486A84900D96B5E /* main.cpp in Sources */,
				C36A77DF123B498900775656 /* card.cpp in Sources */,
				C36A77E4123B53C000775656 /* deck.cpp in Sources */,
				C36A77E9123B5DF800775656 /* player.cpp in Sources */,
				C36A77F0123BE09B00775656 /* game.cpp in Sources */,
			);
			runOnlyForDeploymentPostprocessing = 0;
		};
/* End PBXSourcesBuildPhase section */

/* Begin XCBuildConfiguration section */
		1DEB923208733DC60010E9CD /* Debug */ = {
			isa = XCBuildConfiguration;
			buildSettings = {
				ALWAYS_SEARCH_USER_PATHS = NO;
				COPY_PHASE_STRIP = NO;
				GCC_DYNAMIC_NO_PIC = NO;
				GCC_ENABLE_FIX_AND_CONTINUE = YES;
				GCC_MODEL_TUNING = G5;
				GCC_OPTIMIZATION_LEVEL = 0;
				INSTALL_PATH = /usr/local/bin;
				PRODUCT_NAME = shbj;
			};
			name = Debug;
		};
		1DEB923308733DC60010E9CD /* Release */ = {
			isa = XCBuildConfiguration;
			buildSettings = {
				ALWAYS_SEARCH_USER_PATHS = NO;
				DEBUG_INFORMATION_FORMAT = "dwarf-with-dsym";
				GCC_MODEL_TUNING = G5;
				INSTALL_PATH = /usr/local/bin;
				PRODUCT_NAME = shbj;
			};
			name = Release;
		};
		1DEB923608733DC60010E9CD /* Debug */ = {
			isa = XCBuildConfiguration;
			buildSettings = {
				ARCHS = "$(ARCHS_STANDARD_32_64_BIT)";
				GCC_C_LANGUAGE_STANDARD = gnu99;
				GCC_OPTIMIZATION_LEVEL = 0;
				GCC_WARN_ABOUT_RETURN_TYPE = YES;
				GCC_WARN_UNUSED_VARIABLE = YES;
				ONLY_ACTIVE_ARCH = YES;
				PREBINDING = NO;
				SDKROOT = macosx10.6;
			};
			name = Debug;
		};
		1DEB923708733DC60010E9CD /* Release */ = {
			isa = XCBuildConfiguration;
			buildSettings = {
				ARCHS = "$(ARCHS_STANDARD_32_64_BIT)";
				GCC_C_LANGUAGE_STANDARD = gnu99;
				GCC_WARN_ABOUT_RETURN_TYPE = YES;
				GCC_WARN_UNUSED_VARIABLE = YES;
				PREBINDING = NO;
				SDKROOT = macosx10.6;
			};
			name = Release;
		};
/* End XCBuildConfiguration section */

/* Begin XCConfigurationList section */
		1DEB923108733DC60010E9CD /* Build configuration list for PBXNativeTarget "shbj" */ = {
			isa = XCConfigurationList;
			buildConfigurations = (
				1DEB923208733DC60010E9CD /* Debug */,
				1DEB923308733DC60010E9CD /* Release */,
			);
			defaultConfigurationIsVisible = 0;
			defaultConfigurationName = Release;
		};
		1DEB923508733DC60010E9CD /* Build configuration list for PBXProject "shbj" */ = {
			isa = XCConfigurationList;
			buildConfigurations = (
				1DEB923608733DC60010E9CD /* Debug */,
				1DEB923708733DC60010E9CD /* Release */,
			);
			defaultConfigurationIsVisible = 0;
			defaultConfigurationName = Release;
		};
/* End XCConfigurationList section */
	};
	rootObject = 08FB7793FE84155DC02AAC07 /* Project object */;
}
